
Microsoft Visual Studio Solution File, Format Version 12.00
# Visual Studio Version 16
VisualStudioVersion = 16.0.29609.76
MinimumVisualStudioVersion = 10.0.40219.1
Project("{9A19103F-16F7-4668-BE54-9A1E7A4F7556}") = "FXSTestBot", "FXSTestBot\FXSTestBot.csproj", "{6B2B9F60-B735-4B3C-9179-01A5E7126781}"
EndProject
Project("{FAE04EC0-301F-11D3-BF4B-00C04F79EFBC}") = "FXSTestBot2", "FXSTestBot2\FXSTestBot2.csproj", "{A46FAC91-E6DF-4258-BDA7-EA127459555B}"
EndProject
Global
	GlobalSection(SolutionConfigurationPlatforms) = preSolution
		Debug|Any CPU = Debug|Any CPU
		Release|Any CPU = Release|Any CPU
	EndGlobalSection
	GlobalSection(ProjectConfigurationPlatforms) = postSolution
		{6B2B9F60-B735-4B3C-9179-01A5E7126781}.Debug|Any CPU.ActiveCfg = Debug|Any CPU
		{6B2B9F60-B735-4B3C-9179-01A5E7126781}.Debug|Any CPU.Build.0 = Debug|Any CPU
		{6B2B9F60-B735-4B3C-9179-01A5E7126781}.Release|Any CPU.ActiveCfg = Release|Any CPU
		{6B2B9F60-B735-4B3C-9179-01A5E7126781}.Release|Any CPU.Build.0 = Release|Any CPU
		{A46FAC91-E6DF-4258-BDA7-EA127459555B}.Debug|Any CPU.ActiveCfg = Debug|Any CPU
		{A46FAC91-E6DF-4258-BDA7-EA127459555B}.Debug|Any CPU.Build.0 = Debug|Any CPU
		{A46FAC91-E6DF-4258-BDA7-EA127459555B}.Release|Any CPU.ActiveCfg = Release|Any CPU
		{A46FAC91-E6DF-4258-BDA7-EA127459555B}.Release|Any CPU.Build.0 = Release|Any CPU
	EndGlobalSection
	GlobalSection(SolutionProperties) = preSolution
		HideSolutionNode = FALSE
	EndGlobalSection
	GlobalSection(ExtensibilityGlobals) = postSolution
		SolutionGuid = {B3FD8407-47C5-4522-B777-73836CD08596}
	EndGlobalSection
EndGlobal
