
Microsoft Visual Studio Solution File, Format Version 12.00
# Visual Studio 15
VisualStudioVersion = 15.0.28307.421
MinimumVisualStudioVersion = 10.0.40219.1
Project("{FAE04EC0-301F-11D3-BF4B-00C04F79EFBC}") = "FXSTestBot", "FXSTestBot\FXSTestBot.csproj", "{6B2B9F60-B735-4B3C-9179-01A5E7126781}"
EndProject
Global
	GlobalSection(SolutionConfigurationPlatforms) = preSolution
		Debug|Any CPU = Debug|Any CPU
		Release|Any CPU = Release|Any CPU
	EndGlobalSection
	GlobalSection(ProjectConfigurationPlatforms) = postSolution
		{6B2B9F60-B735-4B3C-9179-01A5E7126781}.Debug|Any CPU.ActiveCfg = Debug|Any CPU
		{6B2B9F60-B735-4B3C-9179-01A5E7126781}.Debug|Any CPU.Build.0 = Debug|Any CPU
		{6B2B9F60-B735-4B3C-9179-01A5E7126781}.Release|Any CPU.ActiveCfg = Release|Any CPU
		{6B2B9F60-B735-4B3C-9179-01A5E7126781}.Release|Any CPU.Build.0 = Release|Any CPU
	EndGlobalSection
	GlobalSection(SolutionProperties) = preSolution
		HideSolutionNode = FALSE
	EndGlobalSection
	GlobalSection(ExtensibilityGlobals) = postSolution
		SolutionGuid = {B3FD8407-47C5-4522-B777-73836CD08596}
	EndGlobalSection
EndGlobal
